{
    "_meta": {
        "hash": {
            "sha256": "072789f55b3b063844bdcbbbeba59efe3e3e5b8ef1e63393925f89b320545e5d"
        },
        "pipfile-spec": 6,
        "requires": {
            "python_version": "3.6"
        },
        "sources": [
            {
                "name": "pypi",
                "url": "https://pypi.org/simple",
                "verify_ssl": true
            }
        ]
    },
    "default": {
        "numpy": {
            "hashes": [
                "sha256:0074d42e2cc333800bd09996223d40ec52e3b1ec0a5cab05dacc09b662c4c1ae",
                "sha256:034717bfef517858abc79324820a702dc6cd063effb9baab86533e8a78670689",
                "sha256:0db6301324d0568089663ef2701ad90ebac0e975742c97460e89366692bd0563",
                "sha256:1864d005b2eb7598063e35c320787d87730d864f40d6410f768fe4ea20672016",
                "sha256:46ce8323ca9384814c7645298b8b627b7d04ce97d6948ef02da357b2389d6972",
                "sha256:510863d606c932b41d2209e4de6157ab3fdf52001d3e4ad351103176d33c4b8b",
                "sha256:560e23a12e7599be8e8b67621396c5bc687fd54b48b890adbc71bc5a67333f86",
                "sha256:57dc6c22d59054542600fce6fae2d1189b9c50bafc1aab32e55f7efcc84a6c46",
                "sha256:760550fdf9d8ec7da9c4402a4afe6e25c0f184ae132011676298a6b636660b45",
                "sha256:8670067685051b49d1f2f66e396488064299fefca199c7c80b6ba0c639fedc98",
                "sha256:9016692c7d390f9d378fc88b7a799dc9caa7eb938163dda5276d3f3d6f75debf",
                "sha256:98ff275f1b5907490d26b30b6ff111ecf2de0254f0ab08833d8fe61aa2068a00",
                "sha256:9ccf4d5c9139b1e985db915039baa0610a7e4a45090580065f8d8cb801b7422f",
                "sha256:a8dbab311d4259de5eeaa5b4e83f5f8545e4808f9144e84c0f424a6ee55a7b98",
                "sha256:aaef1bea636b6e552bbc5dae0ada87d4f6046359daaa97a05a013b0169620f27",
                "sha256:b8987e30d9a0eb6635df9705a75cf8c4a2835590244baecf210163343bc65176",
                "sha256:c3fe23df6fe0898e788581753da453f877350058c5982e85a8972feeecb15309",
                "sha256:c5eb7254cfc4bd7a4330ad7e1f65b98343836865338c57b0e25c661e41d5cfd9",
                "sha256:c80fcf9b38c7f4df666150069b04abbd2fe42ae640703a6e1f128cda83b552b7",
                "sha256:e33baf50f2f6b7153ddb973601a11df852697fba4c08b34a5e0f39f66f8120e1",
                "sha256:e8578a62a8eaf552b95d62f630bb5dd071243ba1302bbff3e55ac48588508736",
                "sha256:f22b3206f1c561dd9110b93d144c6aaa4a9a354e3b07ad36030df3ea92c5bb5b",
                "sha256:f39afab5769b3aaa786634b94b4a23ef3c150bdda044e8a32a3fc16ddafe803b"
            ],
            "index": "pypi",
            "version": "==1.14.3"
        },
        "pyaudio": {
            "hashes": [
                "sha256:0d92f6a294565260a282f7c9a0b0d309fc8cc988b5ee5b50645634ab9e2da7f7",
                "sha256:259bb9c1363be895b4f9a97e320a6017dd06bc540728c1a04eb4a7b6fe75035b",
                "sha256:2a19bdb8ec1445b4f3e4b7b109e0e4cec1fd1f1ce588592aeb6db0b58d4fb3b0",
                "sha256:51b558d1b28c68437b53218279110db44f69f3f5dd3d81859f569a4a96962bdc",
                "sha256:589bfad2c615dd4b5d3757e763019c42ab82f06fba5cae64ec02fd7f5ae407ed",
                "sha256:8f89075b4844ea94dde0c951c2937581c989fabd4df09bfd3f075035f50955df",
                "sha256:93bfde30e0b64e63a46f2fd77e85c41fd51182a4a3413d9edfaf9ffaa26efb74",
                "sha256:cf1543ba50bd44ac0d0ab5c035bb9c3127eb76047ff12235149d9adf86f532b6",
                "sha256:f78d543a98b730e64621ebf7f3e2868a79ade0a373882ef51c0293455ffa8e6e"
            ],
            "index": "pypi",
            "version": "==0.2.11"
        },
        "pygame": {
            "hashes": [
                "sha256:22d5195a72b9a300cb7e87d7bde1373930a02b1054e95bc431d26a321ae15d07",
                "sha256:2a8292d0b5a67e0b96d2cae09bbd8252e99daffe95fd88a00166b92fb6497b40",
                "sha256:2ee479b0120cc82f04f7c41a09d75fc85c9992ed1a26c9527fb2b7b0637e6739",
                "sha256:4847550da37d3bc702e0201a035de005f184b19e86625a3c70ab1d318317ee91",
                "sha256:4d4985d0e0e5470c5ef872d65a863f1722d85a136327eb3bb5dcafc2853f2e55",
                "sha256:5cf670378c8aabdf1bdf283eeec690c93f95dfe8de77c66bc837c91274c8ca49",
                "sha256:643de45518d11cb7784e3fe77aef43fe3cb7e0d6b495ad4361ade931f16c334b",
                "sha256:66746c32d21d8193ab066fdf90da96ed993c4818adb13bf4eaa472f306f7f421",
                "sha256:73c86fdbbfc5ae77d0271fb0964f4a3fc639cc2277ffeb60ee4e981fb0d27640",
                "sha256:751021819bdc0cbe5cbd51904abb6ff9e9aee5b0e8955af02284d0e77d6c9ec2",
                "sha256:792f8d1a455d5d1de9c8f2cc051c6dac2b90705afc4cf9fe4933aeb296b0ae3f",
                "sha256:831c906d4a70aa58f9382e79671525805583b58ac8c895b4c4bd066e8858a1a1",
                "sha256:834ee27388563f15e6c736aa4850e4cf95609f67056ee73ff646528bb658e79e",
                "sha256:925e6be8e8c3f1cec016f5a68f369491ae34600e04633759e0e07780ce7bd083",
                "sha256:96a8f61c729d82576ee3d5cfe3b0b91e7b52a4fbf3d618a3b659347eeb4fd937",
                "sha256:97615fb075808b4709f6115e3a11a253bfac78614f430bededbc0ac76a5100af",
                "sha256:c49ece0e4ba71be90ed4bf6a905c35e5c1a95c4c0b0b42eaff74ab69c5793847",
                "sha256:e8626d4d4e7617ebf103d96a493b9cbe53f9b39cd46ecbff232e33ba4a082530",
                "sha256:ea7da8dd7fbc12becccf691b4c76fbb381e369e124c30e21f9ed263b6e7e139a"
            ],
            "index": "pypi",
            "version": "==1.9.3"
        }
    },
    "develop": {}
}
